
Microsoft Visual Studio Solution File, Format Version 12.00
# Visual Studio Version 16
VisualStudioVersion = 16.0.31005.135
MinimumVisualStudioVersion = 10.0.40219.1
Project("{FAE04EC0-301F-11D3-BF4B-00C04F79EFBC}") = "Spectra inventory", "Spectra inventory.csproj", "{ABF63114-8F0F-4BC6-A689-2C283CE4DF9D}"
EndProject
Global
	GlobalSection(SolutionConfigurationPlatforms) = preSolution
		Debug|Any CPU = Debug|Any CPU
		Release|Any CPU = Release|Any CPU
	EndGlobalSection
	GlobalSection(ProjectConfigurationPlatforms) = postSolution
		{ABF63114-8F0F-4BC6-A689-2C283CE4DF9D}.Debug|Any CPU.ActiveCfg = Debug|Any CPU
		{ABF63114-8F0F-4BC6-A689-2C283CE4DF9D}.Debug|Any CPU.Build.0 = Debug|Any CPU
		{ABF63114-8F0F-4BC6-A689-2C283CE4DF9D}.Release|Any CPU.ActiveCfg = Release|Any CPU
		{ABF63114-8F0F-4BC6-A689-2C283CE4DF9D}.Release|Any CPU.Build.0 = Release|Any CPU
	EndGlobalSection
	GlobalSection(SolutionProperties) = preSolution
		HideSolutionNode = FALSE
	EndGlobalSection
	GlobalSection(ExtensibilityGlobals) = postSolution
		SolutionGuid = {5ED9889D-4307-410C-83F2-37530C48316B}
	EndGlobalSection
EndGlobal
